
Microsoft Visual Studio Solution File, Format Version 12.00
# Visual Studio 2012
Project("{FAE04EC0-301F-11D3-BF4B-00C04F79EFBC}") = "project", "project\project.csproj", "{3E60EB38-88EA-40AC-8C2F-FA280BB8F171}"
EndProject
Project("{FAE04EC0-301F-11D3-BF4B-00C04F79EFBC}") = "RazorGDIPainter", "project\RazorGDIPainter\RazorGDIPainter.csproj", "{5DA2FC0B-474B-43C4-A087-CCC52B794E8B}"
EndProject
Project("{FAE04EC0-301F-11D3-BF4B-00C04F79EFBC}") = "RazorGDIControlWPF", "project\RazorGDIControlWPF\RazorGDIControlWPF.csproj", "{F888AD1B-C734-477A-92AE-2B79ABC7E2D0}"
EndProject
Project("{2150E333-8FDC-42A3-9474-1A3956D46DE8}") = "Helpful projects", "Helpful projects", "{ABADC569-BC3A-4187-AC8B-DCA7A4DA2AB3}"
EndProject
Project("{FAE04EC0-301F-11D3-BF4B-00C04F79EFBC}") = "Selen.Wpf.SystemStyles", "C:\Users\Flubber\Desktop\source\Selen.Wpf.SystemStyles\Selen.Wpf.SystemStyles.csproj", "{A468315F-FA11-4BC2-8E5F-EA3C48B24C74}"
EndProject
Project("{FAE04EC0-301F-11D3-BF4B-00C04F79EFBC}") = "Selen.Wpf.Core", "C:\Users\Flubber\Desktop\source\Selen.Wpf.Core\Selen.Wpf.Core.csproj", "{C94C1BDD-11F9-4A3F-8929-86B1B67AE1D5}"
EndProject
Project("{FAE04EC0-301F-11D3-BF4B-00C04F79EFBC}") = "Selen.Wpf.GenericAppTree", "C:\Users\Flubber\Desktop\source\Selen.Wpf.GenericAppTree\Selen.Wpf.GenericAppTree.csproj", "{8615A3C0-298C-4B9D-8FFC-D5ACA466523D}"
EndProject
Project("{FAE04EC0-301F-11D3-BF4B-00C04F79EFBC}") = "Selen.Wpf.GenericAppTree.Contracts", "C:\Users\Flubber\Desktop\source\Selen.Wpf.GenericAppTree.Contracts\Selen.Wpf.GenericAppTree.Contracts.csproj", "{FC32AB02-5705-48E0-BCFD-78EB6C137AEB}"
EndProject
Project("{2150E333-8FDC-42A3-9474-1A3956D46DE8}") = "Tools", "Tools", "{16B154A0-4939-4078-B37F-14E88DA6E7B7}"
	ProjectSection(SolutionItems) = preProject
		C:\Users\Flubber\Desktop\source\tools\deploy.cmd = C:\Users\Flubber\Desktop\source\tools\deploy.cmd
		C:\Users\Flubber\Desktop\source\tools\updateLib.cmd = C:\Users\Flubber\Desktop\source\tools\updateLib.cmd
	EndProjectSection
EndProject
Global
	GlobalSection(SolutionConfigurationPlatforms) = preSolution
		Debug|Any CPU = Debug|Any CPU
		Release|Any CPU = Release|Any CPU
	EndGlobalSection
	GlobalSection(ProjectConfigurationPlatforms) = postSolution
		{3E60EB38-88EA-40AC-8C2F-FA280BB8F171}.Debug|Any CPU.ActiveCfg = Debug|Any CPU
		{3E60EB38-88EA-40AC-8C2F-FA280BB8F171}.Debug|Any CPU.Build.0 = Debug|Any CPU
		{3E60EB38-88EA-40AC-8C2F-FA280BB8F171}.Release|Any CPU.ActiveCfg = Release|Any CPU
		{3E60EB38-88EA-40AC-8C2F-FA280BB8F171}.Release|Any CPU.Build.0 = Release|Any CPU
		{5DA2FC0B-474B-43C4-A087-CCC52B794E8B}.Debug|Any CPU.ActiveCfg = Debug|Any CPU
		{5DA2FC0B-474B-43C4-A087-CCC52B794E8B}.Debug|Any CPU.Build.0 = Debug|Any CPU
		{5DA2FC0B-474B-43C4-A087-CCC52B794E8B}.Release|Any CPU.ActiveCfg = Release|Any CPU
		{5DA2FC0B-474B-43C4-A087-CCC52B794E8B}.Release|Any CPU.Build.0 = Release|Any CPU
		{F888AD1B-C734-477A-92AE-2B79ABC7E2D0}.Debug|Any CPU.ActiveCfg = Debug|Any CPU
		{F888AD1B-C734-477A-92AE-2B79ABC7E2D0}.Debug|Any CPU.Build.0 = Debug|Any CPU
		{F888AD1B-C734-477A-92AE-2B79ABC7E2D0}.Release|Any CPU.ActiveCfg = Release|Any CPU
		{F888AD1B-C734-477A-92AE-2B79ABC7E2D0}.Release|Any CPU.Build.0 = Release|Any CPU
		{A468315F-FA11-4BC2-8E5F-EA3C48B24C74}.Debug|Any CPU.ActiveCfg = Debug|Any CPU
		{A468315F-FA11-4BC2-8E5F-EA3C48B24C74}.Debug|Any CPU.Build.0 = Debug|Any CPU
		{A468315F-FA11-4BC2-8E5F-EA3C48B24C74}.Release|Any CPU.ActiveCfg = Release|Any CPU
		{A468315F-FA11-4BC2-8E5F-EA3C48B24C74}.Release|Any CPU.Build.0 = Release|Any CPU
		{C94C1BDD-11F9-4A3F-8929-86B1B67AE1D5}.Debug|Any CPU.ActiveCfg = Debug|Any CPU
		{C94C1BDD-11F9-4A3F-8929-86B1B67AE1D5}.Debug|Any CPU.Build.0 = Debug|Any CPU
		{C94C1BDD-11F9-4A3F-8929-86B1B67AE1D5}.Release|Any CPU.ActiveCfg = Release|Any CPU
		{C94C1BDD-11F9-4A3F-8929-86B1B67AE1D5}.Release|Any CPU.Build.0 = Release|Any CPU
		{8615A3C0-298C-4B9D-8FFC-D5ACA466523D}.Debug|Any CPU.ActiveCfg = Debug|Any CPU
		{8615A3C0-298C-4B9D-8FFC-D5ACA466523D}.Debug|Any CPU.Build.0 = Debug|Any CPU
		{8615A3C0-298C-4B9D-8FFC-D5ACA466523D}.Release|Any CPU.ActiveCfg = Release|Any CPU
		{8615A3C0-298C-4B9D-8FFC-D5ACA466523D}.Release|Any CPU.Build.0 = Release|Any CPU
		{FC32AB02-5705-48E0-BCFD-78EB6C137AEB}.Debug|Any CPU.ActiveCfg = Debug|Any CPU
		{FC32AB02-5705-48E0-BCFD-78EB6C137AEB}.Debug|Any CPU.Build.0 = Debug|Any CPU
		{FC32AB02-5705-48E0-BCFD-78EB6C137AEB}.Release|Any CPU.ActiveCfg = Release|Any CPU
		{FC32AB02-5705-48E0-BCFD-78EB6C137AEB}.Release|Any CPU.Build.0 = Release|Any CPU
	EndGlobalSection
	GlobalSection(SolutionProperties) = preSolution
		HideSolutionNode = FALSE
	EndGlobalSection
	GlobalSection(NestedProjects) = preSolution
		{F888AD1B-C734-477A-92AE-2B79ABC7E2D0} = {ABADC569-BC3A-4187-AC8B-DCA7A4DA2AB3}
		{5DA2FC0B-474B-43C4-A087-CCC52B794E8B} = {ABADC569-BC3A-4187-AC8B-DCA7A4DA2AB3}
		{A468315F-FA11-4BC2-8E5F-EA3C48B24C74} = {ABADC569-BC3A-4187-AC8B-DCA7A4DA2AB3}
		{C94C1BDD-11F9-4A3F-8929-86B1B67AE1D5} = {ABADC569-BC3A-4187-AC8B-DCA7A4DA2AB3}
		{8615A3C0-298C-4B9D-8FFC-D5ACA466523D} = {ABADC569-BC3A-4187-AC8B-DCA7A4DA2AB3}
		{FC32AB02-5705-48E0-BCFD-78EB6C137AEB} = {ABADC569-BC3A-4187-AC8B-DCA7A4DA2AB3}
		{16B154A0-4939-4078-B37F-14E88DA6E7B7} = {ABADC569-BC3A-4187-AC8B-DCA7A4DA2AB3}
	EndGlobalSection
EndGlobal
